
Microsoft Visual Studio Solution File, Format Version 12.00
# Visual Studio Version 17
VisualStudioVersion = 17.0.32112.339
MinimumVisualStudioVersion = 10.0.40219.1
Project("{FAE04EC0-301F-11D3-BF4B-00C04F79EFBC}") = "HelpDesk_client", "HelpDesk_client\HelpDesk_client.csproj", "{A6EF5A74-79BE-4634-B49A-B8E637661CDD}"
EndProject
Global
	GlobalSection(SolutionConfigurationPlatforms) = preSolution
		Debug|Any CPU = Debug|Any CPU
		Release|Any CPU = Release|Any CPU
	EndGlobalSection
	GlobalSection(ProjectConfigurationPlatforms) = postSolution
		{A6EF5A74-79BE-4634-B49A-B8E637661CDD}.Debug|Any CPU.ActiveCfg = Debug|Any CPU
		{A6EF5A74-79BE-4634-B49A-B8E637661CDD}.Debug|Any CPU.Build.0 = Debug|Any CPU
		{A6EF5A74-79BE-4634-B49A-B8E637661CDD}.Release|Any CPU.ActiveCfg = Release|Any CPU
		{A6EF5A74-79BE-4634-B49A-B8E637661CDD}.Release|Any CPU.Build.0 = Release|Any CPU
	EndGlobalSection
	GlobalSection(SolutionProperties) = preSolution
		HideSolutionNode = FALSE
	EndGlobalSection
	GlobalSection(ExtensibilityGlobals) = postSolution
		SolutionGuid = {A2B790CB-ACE3-4360-99F3-7B29C216CA98}
	EndGlobalSection
EndGlobal
